Microsoft Visual Studio Solution File, Format Version 12.00
# Visual Studio Version 17
VisualStudioVersion = 17.5.2.0
MinimumVisualStudioVersion = 10.0.40219.1
Project("{FAE04EC0-301F-11D3-BF4B-00C04F79EFBC}") = "lista-ligada", "lista-ligada.csproj", "{009F6E51-7224-339F-ECC7-9BD92DE673FF}"
EndProject
Global
	GlobalSection(SolutionConfigurationPlatforms) = preSolution
		Debug|Any CPU = Debug|Any CPU
		Release|Any CPU = Release|Any CPU
	EndGlobalSection
	GlobalSection(ProjectConfigurationPlatforms) = postSolution
		{009F6E51-7224-339F-ECC7-9BD92DE673FF}.Debug|Any CPU.ActiveCfg = Debug|Any CPU
		{009F6E51-7224-339F-ECC7-9BD92DE673FF}.Debug|Any CPU.Build.0 = Debug|Any CPU
		{009F6E51-7224-339F-ECC7-9BD92DE673FF}.Release|Any CPU.ActiveCfg = Release|Any CPU
		{009F6E51-7224-339F-ECC7-9BD92DE673FF}.Release|Any CPU.Build.0 = Release|Any CPU
	EndGlobalSection
	GlobalSection(SolutionProperties) = preSolution
		HideSolutionNode = FALSE
	EndGlobalSection
	GlobalSection(ExtensibilityGlobals) = postSolution
		SolutionGuid = {C72BAFCC-37AB-4855-9335-09303051664E}
	EndGlobalSection
EndGlobal
